// !$*UTF8*$!
{
	archiveVersion = 1;
	classes = {
	};
	objectVersion = 46;
	objects = {

/* Begin PBXBuildFile section */
		96B2692E1BFF8CEA00FC1F08 /* AppDelegate.swift in Sources */ = {isa = PBXBuildFile; fileRef = 96B2692D1BFF8CEA00FC1F08 /* AppDelegate.swift */; };
		96B269301BFF8CEB00FC1F08 /* ViewController.swift in Sources */ = {isa = PBXBuildFile; fileRef = 96B2692F1BFF8CEB00FC1F08 /* ViewController.swift */; };
		96B269331BFF8CEB00FC1F08 /* Main.storyboard in Resources */ = {isa = PBXBuildFile; fileRef = 96B269311BFF8CEB00FC1F08 /* Main.storyboard */; };
		96B269351BFF8CEB00FC1F08 /* Assets.xcassets in Resources */ = {isa = PBXBuildFile; fileRef = 96B269341BFF8CEB00FC1F08 /* Assets.xcassets */; };
		96B269381BFF8CEB00FC1F08 /* LaunchScreen.storyboard in Resources */ = {isa = PBXBuildFile; fileRef = 96B269361BFF8CEB00FC1F08 /* LaunchScreen.storyboard */; };
		96DF50161C04825900004292 /* level1.txt in Resources */ = {isa = PBXBuildFile; fileRef = 96DF50141C04825900004292 /* level1.txt */; };
		96DF50171C04825900004292 /* level2.txt in Resources */ = {isa = PBXBuildFile; fileRef = 96DF50151C04825900004292 /* level2.txt */; };
/* End PBXBuildFile section */

/* Begin PBXFileReference section */
		96B2692A1BFF8CEA00FC1F08 /* Project8.app */ = {isa = PBXFileReference; explicitFileType = wrapper.application; includeInIndex = 0; path = Project8.app; sourceTree = BUILT_PRODUCTS_DIR; };
		96B2692D1BFF8CEA00FC1F08 /* AppDelegate.swift */ = {isa = PBXFileReference; lastKnownFileType = sourcecode.swift; path = AppDelegate.swift; sourceTree = "<group>"; };
		96B2692F1BFF8CEB00FC1F08 /* ViewController.swift */ = {isa = PBXFileReference; lastKnownFileType = sourcecode.swift; path = ViewController.swift; sourceTree = "<group>"; };
		96B269321BFF8CEB00FC1F08 /* Base */ = {isa = PBXFileReference; lastKnownFileType = file.storyboard; name = Base; path = Base.lproj/Main.storyboard; sourceTree = "<group>"; };
		96B269341BFF8CEB00FC1F08 /* Assets.xcassets */ = {isa = PBXFileReference; lastKnownFileType = folder.assetcatalog; path = Assets.xcassets; sourceTree = "<group>"; };
		96B269371BFF8CEB00FC1F08 /* Base */ = {isa = PBXFileReference; lastKnownFileType = file.storyboard; name = Base; path = Base.lproj/LaunchScreen.storyboard; sourceTree = "<group>"; };
		96B269391BFF8CEB00FC1F08 /* Info.plist */ = {isa = PBXFileReference; lastKnownFileType = text.plist.xml; path = Info.plist; sourceTree = "<group>"; };
		96DF50141C04825900004292 /* level1.txt */ = {isa = PBXFileReference; fileEncoding = 4; lastKnownFileType = text; path = level1.txt; sourceTree = "<group>"; };
		96DF50151C04825900004292 /* level2.txt */ = {isa = PBXFileReference; fileEncoding = 4; lastKnownFileType = text; path = level2.txt; sourceTree = "<group>"; };
/* End PBXFileReference section */

/* Begin PBXFrameworksBuildPhase section */
		96B269271BFF8CEA00FC1F08 /* Frameworks */ = {
			isa = PBXFrameworksBuildPhase;
			buildActionMask = 2147483647;
			files = (
			);
			runOnlyForDeploymentPostprocessing = 0;
		};
/* End PBXFrameworksBuildPhase section */

/* Begin PBXGroup section */
		96B269211BFF8CEA00FC1F08 = {
			isa = PBXGroup;
			children = (
				96B2692C1BFF8CEA00FC1F08 /* Project8 */,
				96B2692B1BFF8CEA00FC1F08 /* Products */,
			);
			sourceTree = "<group>";
		};
		96B2692B1BFF8CEA00FC1F08 /* Products */ = {
			isa = PBXGroup;
			children = (
				96B2692A1BFF8CEA00FC1F08 /* Project8.app */,
			);
			name = Products;
			sourceTree = "<group>";
		};
		96B2692C1BFF8CEA00FC1F08 /* Project8 */ = {
			isa = PBXGroup;
			children = (
				96B2692D1BFF8CEA00FC1F08 /* AppDelegate.swift */,
				96B2692F1BFF8CEB00FC1F08 /* ViewController.swift */,
				96B269311BFF8CEB00FC1F08 /* Main.storyboard */,
				96B269341BFF8CEB00FC1F08 /* Assets.xcassets */,
				96DF50141C04825900004292 /* level1.txt */,
				96DF50151C04825900004292 /* level2.txt */,
				96B269361BFF8CEB00FC1F08 /* LaunchScreen.storyboard */,
				96B269391BFF8CEB00FC1F08 /* Info.plist */,
			);
			path = Project8;
			sourceTree = "<group>";
		};
/* End PBXGroup section */

/* Begin PBXNativeTarget section */
		96B269291BFF8CEA00FC1F08 /* Project8 */ = {
			isa = PBXNativeTarget;
			buildConfigurationList = 96B2693C1BFF8CEB00FC1F08 /* Build configuration list for PBXNativeTarget "Project8" */;
			buildPhases = (
				96B269261BFF8CEA00FC1F08 /* Sources */,
				96B269271BFF8CEA00FC1F08 /* Frameworks */,
				96B269281BFF8CEA00FC1F08 /* Resources */,
			);
			buildRules = (
			);
			dependencies = (
			);
			name = Project8;
			productName = Project8;
			productReference = 96B2692A1BFF8CEA00FC1F08 /* Project8.app */;
			productType = "com.apple.product-type.application";
		};
/* End PBXNativeTarget section */

/* Begin PBXProject section */
		96B269221BFF8CEA00FC1F08 /* Project object */ = {
			isa = PBXProject;
			attributes = {
				LastSwiftUpdateCheck = 0710;
				LastUpgradeCheck = 0710;
				ORGANIZATIONNAME = "Jim Veneskey";
				TargetAttributes = {
					96B269291BFF8CEA00FC1F08 = {
						CreatedOnToolsVersion = 7.1;
					};
				};
			};
			buildConfigurationList = 96B269251BFF8CEA00FC1F08 /* Build configuration list for PBXProject "Project8" */;
			compatibilityVersion = "Xcode 3.2";
			developmentRegion = English;
			hasScannedForEncodings = 0;
			knownRegions = (
				en,
				Base,
			);
			mainGroup = 96B269211BFF8CEA00FC1F08;
			productRefGroup = 96B2692B1BFF8CEA00FC1F08 /* Products */;
			projectDirPath = "";
			projectRoot = "";
			targets = (
				96B269291BFF8CEA00FC1F08 /* Project8 */,
			);
		};
/* End PBXProject section */

/* Begin PBXResourcesBuildPhase section */
		96B269281BFF8CEA00FC1F08 /* Resources */ = {
			isa = PBXResourcesBuildPhase;
			buildActionMask = 2147483647;
			files = (
				96DF50171C04825900004292 /* level2.txt in Resources */,
				96B269381BFF8CEB00FC1F08 /* LaunchScreen.storyboard in Resources */,
				96DF50161C04825900004292 /* level1.txt in Resources */,
				96B269351BFF8CEB00FC1F08 /* Assets.xcassets in Resources */,
				96B269331BFF8CEB00FC1F08 /* Main.storyboard in Resources */,
			);
			runOnlyForDeploymentPostprocessing = 0;
		};
/* End PBXResourcesBuildPhase section */

/* Begin PBXSourcesBuildPhase section */
		96B269261BFF8CEA00FC1F08 /* Sources */ = {
			isa = PBXSourcesBuildPhase;
			buildActionMask = 2147483647;
			files = (
				96B269301BFF8CEB00FC1F08 /* ViewController.swift in Sources */,
				96B2692E1BFF8CEA00FC1F08 /* AppDelegate.swift in Sources */,
			);
			runOnlyForDeploymentPostprocessing = 0;
		};
/* End PBXSourcesBuildPhase section */

/* Begin PBXVariantGroup section */
		96B269311BFF8CEB00FC1F08 /* Main.storyboard */ = {
			isa = PBXVariantGroup;
			children = (
				96B269321BFF8CEB00FC1F08 /* Base */,
			);
			name = Main.storyboard;
			sourceTree = "<group>";
		};
		96B269361BFF8CEB00FC1F08 /* LaunchScreen.storyboard */ = {
			isa = PBXVariantGroup;
			children = (
				96B269371BFF8CEB00FC1F08 /* Base */,
			);
			name = LaunchScreen.storyboard;
			sourceTree = "<group>";
		};
/* End PBXVariantGroup section */

/* Begin XCBuildConfiguration section */
		96B2693A1BFF8CEB00FC1F08 /* Debug */ = {
			isa = XCBuildConfiguration;
			buildSettings = {
				ALWAYS_SEARCH_USER_PATHS = NO;
				CLANG_CXX_LANGUAGE_STANDARD = "gnu++0x";
				CLANG_CXX_LIBRARY = "libc++";
				CLANG_ENABLE_MODULES = YES;
				CLANG_ENABLE_OBJC_ARC = YES;
				CLANG_WARN_BOOL_CONVERSION = YES;
				CLANG_WARN_CONSTANT_CONVERSION = YES;
				CLANG_WARN_DIRECT_OBJC_ISA_USAGE = YES_ERROR;
				CLANG_WARN_EMPTY_BODY = YES;
				CLANG_WARN_ENUM_CONVERSION = YES;
				CLANG_WARN_INT_CONVERSION = YES;
				CLANG_WARN_OBJC_ROOT_CLASS = YES_ERROR;
				CLANG_WARN_UNREACHABLE_CODE = YES;
				CLANG_WARN__DUPLICATE_METHOD_MATCH = YES;
				"CODE_SIGN_IDENTITY[sdk=iphoneos*]" = "iPhone Developer";
				COPY_PHASE_STRIP = NO;
				DEBUG_INFORMATION_FORMAT = dwarf;
				ENABLE_STRICT_OBJC_MSGSEND = YES;
				ENABLE_TESTABILITY = YES;
				GCC_C_LANGUAGE_STANDARD = gnu99;
				GCC_DYNAMIC_NO_PIC = NO;
				GCC_NO_COMMON_BLOCKS = YES;
				GCC_OPTIMIZATION_LEVEL = 0;
				GCC_PREPROCESSOR_DEFINITIONS = (
					"DEBUG=1",
					"$(inherited)",
				);
				GCC_WARN_64_TO_32_BIT_CONVERSION = YES;
				GCC_WARN_ABOUT_RETURN_TYPE = YES_ERROR;
				GCC_WARN_UNDECLARED_SELECTOR = YES;
				GCC_WARN_UNINITIALIZED_AUTOS = YES_AGGRESSIVE;
				GCC_WARN_UNUSED_FUNCTION = YES;
				GCC_WARN_UNUSED_VARIABLE = YES;
				IPHONEOS_DEPLOYMENT_TARGET = 9.1;
				MTL_ENABLE_DEBUG_INFO = YES;
				ONLY_ACTIVE_ARCH = YES;
				SDKROOT = iphoneos;
				SWIFT_OPTIMIZATION_LEVEL = "-Onone";
				TARGETED_DEVICE_FAMILY = 2;
			};
			name = Debug;
		};
		96B2693B1BFF8CEB00FC1F08 /* Release */ = {
			isa = XCBuildConfiguration;
			buildSettings = {
				ALWAYS_SEARCH_USER_PATHS = NO;
				CLANG_CXX_LANGUAGE_STANDARD = "gnu++0x";
				CLANG_CXX_LIBRARY = "libc++";
				CLANG_ENABLE_MODULES = YES;
				CLANG_ENABLE_OBJC_ARC = YES;
				CLANG_WARN_BOOL_CONVERSION = YES;
				CLANG_WARN_CONSTANT_CONVERSION = YES;
				CLANG_WARN_DIRECT_OBJC_ISA_USAGE = YES_ERROR;
				CLANG_WARN_EMPTY_BODY = YES;
				CLANG_WARN_ENUM_CONVERSION = YES;
				CLANG_WARN_INT_CONVERSION = YES;
				CLANG_WARN_OBJC_ROOT_CLASS = YES_ERROR;
				CLANG_WARN_UNREACHABLE_CODE = YES;
				CLANG_WARN__DUPLICATE_METHOD_MATCH = YES;
				"CODE_SIGN_IDENTITY[sdk=iphoneos*]" = "iPhone Developer";
				COPY_PHASE_STRIP = NO;
				DEBUG_INFORMATION_FORMAT = "dwarf-with-dsym";
				ENABLE_NS_ASSERTIONS = NO;
				ENABLE_STRICT_OBJC_MSGSEND = YES;
				GCC_C_LANGUAGE_STANDARD = gnu99;
				GCC_NO_COMMON_BLOCKS = YES;
				GCC_WARN_64_TO_32_BIT_CONVERSION = YES;
				GCC_WARN_ABOUT_RETURN_TYPE = YES_ERROR;
				GCC_WARN_UNDECLARED_SELECTOR = YES;
				GCC_WARN_UNINITIALIZED_AUTOS = YES_AGGRESSIVE;
				GCC_WARN_UNUSED_FUNCTION = YES;
				GCC_WARN_UNUSED_VARIABLE = YES;
				IPHONEOS_DEPLOYMENT_TARGET = 9.1;
				MTL_ENABLE_DEBUG_INFO = NO;
				SDKROOT = iphoneos;
				TARGETED_DEVICE_FAMILY = 2;
				VALIDATE_PRODUCT = YES;
			};
			name = Release;
		};
		96B2693D1BFF8CEB00FC1F08 /* Debug */ = {
			isa = XCBuildConfiguration;
			buildSettings = {
				ASSETCATALOG_COMPILER_APPICON_NAME = AppIcon;
				INFOPLIST_FILE = Project8/Info.plist;
				LD_RUNPATH_SEARCH_PATHS = "$(inherited) @executable_path/Frameworks";
				PRODUCT_BUNDLE_IDENTIFIER = com.strifecrafter.Project8;
				PRODUCT_NAME = "$(TARGET_NAME)";
			};
			name = Debug;
		};
		96B2693E1BFF8CEB00FC1F08 /* Release */ = {
			isa = XCBuildConfiguration;
			buildSettings = {
				ASSETCATALOG_COMPILER_APPICON_NAME = AppIcon;
				INFOPLIST_FILE = Project8/Info.plist;
				LD_RUNPATH_SEARCH_PATHS = "$(inherited) @executable_path/Frameworks";
				PRODUCT_BUNDLE_IDENTIFIER = com.strifecrafter.Project8;
				PRODUCT_NAME = "$(TARGET_NAME)";
			};
			name = Release;
		};
/* End XCBuildConfiguration section */

/* Begin XCConfigurationList section */
		96B269251BFF8CEA00FC1F08 /* Build configuration list for PBXProject "Project8" */ = {
			isa = XCConfigurationList;
			buildConfigurations = (
				96B2693A1BFF8CEB00FC1F08 /* Debug */,
				96B2693B1BFF8CEB00FC1F08 /* Release */,
			);
			defaultConfigurationIsVisible = 0;
			defaultConfigurationName = Release;
		};
		96B2693C1BFF8CEB00FC1F08 /* Build configuration list for PBXNativeTarget "Project8" */ = {
			isa = XCConfigurationList;
			buildConfigurations = (
				96B2693D1BFF8CEB00FC1F08 /* Debug */,
				96B2693E1BFF8CEB00FC1F08 /* Release */,
			);
			defaultConfigurationIsVisible = 0;
			defaultConfigurationName = Release;
		};
/* End XCConfigurationList section */
	};
	rootObject = 96B269221BFF8CEA00FC1F08 /* Project object */;
}
