// !$*UTF8*$!
{
	archiveVersion = 1;
	classes = {
	};
	objectVersion = 46;
	objects = {

/* Begin PBXBuildFile section */
		9600F1841BF5081A00C6877D /* Cat.sks in Resources */ = {isa = PBXBuildFile; fileRef = 9600F1831BF5081A00C6877D /* Cat.sks */; };
		9601EAF71BF4AD480008501D /* AppDelegate.swift in Sources */ = {isa = PBXBuildFile; fileRef = 9601EAF61BF4AD480008501D /* AppDelegate.swift */; };
		9601EAF91BF4AD480008501D /* GameScene.sks in Resources */ = {isa = PBXBuildFile; fileRef = 9601EAF81BF4AD480008501D /* GameScene.sks */; };
		9601EAFB1BF4AD480008501D /* GameScene.swift in Sources */ = {isa = PBXBuildFile; fileRef = 9601EAFA1BF4AD480008501D /* GameScene.swift */; };
		9601EAFD1BF4AD480008501D /* GameViewController.swift in Sources */ = {isa = PBXBuildFile; fileRef = 9601EAFC1BF4AD480008501D /* GameViewController.swift */; };
		9601EB001BF4AD480008501D /* Main.storyboard in Resources */ = {isa = PBXBuildFile; fileRef = 9601EAFE1BF4AD480008501D /* Main.storyboard */; };
		9601EB021BF4AD480008501D /* Assets.xcassets in Resources */ = {isa = PBXBuildFile; fileRef = 9601EB011BF4AD480008501D /* Assets.xcassets */; };
		9601EB051BF4AD480008501D /* LaunchScreen.storyboard in Resources */ = {isa = PBXBuildFile; fileRef = 9601EB031BF4AD480008501D /* LaunchScreen.storyboard */; };
		9601EB121BF4AFBA0008501D /* backgroundMusic.mp3 in Resources */ = {isa = PBXBuildFile; fileRef = 9601EB0D1BF4AFBA0008501D /* backgroundMusic.mp3 */; };
		9601EB131BF4AFBA0008501D /* lose.mp3 in Resources */ = {isa = PBXBuildFile; fileRef = 9601EB0E1BF4AFBA0008501D /* lose.mp3 */; };
		9601EB141BF4AFBA0008501D /* mrreow.mp3 in Resources */ = {isa = PBXBuildFile; fileRef = 9601EB0F1BF4AFBA0008501D /* mrreow.mp3 */; };
		9601EB151BF4AFBA0008501D /* pop.mp3 in Resources */ = {isa = PBXBuildFile; fileRef = 9601EB101BF4AFBA0008501D /* pop.mp3 */; };
		9601EB161BF4AFBA0008501D /* win.mp3 in Resources */ = {isa = PBXBuildFile; fileRef = 9601EB111BF4AFBA0008501D /* win.mp3 */; };
		96162A821C00A44A00BE51E7 /* BlockNode.swift in Sources */ = {isa = PBXBuildFile; fileRef = 96162A811C00A44A00BE51E7 /* BlockNode.swift */; };
		9644D08F1C09E38000964745 /* MessageNode.swift in Sources */ = {isa = PBXBuildFile; fileRef = 9644D08E1C09E38000964745 /* MessageNode.swift */; };
		966F6ADE1BFF300800A0FF00 /* CGFloat+Extensions.swift in Sources */ = {isa = PBXBuildFile; fileRef = 966F6AD21BFF300800A0FF00 /* CGFloat+Extensions.swift */; };
		966F6ADF1BFF300800A0FF00 /* CGPoint+Extensions.swift in Sources */ = {isa = PBXBuildFile; fileRef = 966F6AD31BFF300800A0FF00 /* CGPoint+Extensions.swift */; };
		966F6AE01BFF300800A0FF00 /* CGVector+Extensions.swift in Sources */ = {isa = PBXBuildFile; fileRef = 966F6AD41BFF300800A0FF00 /* CGVector+Extensions.swift */; };
		966F6AE11BFF300800A0FF00 /* Int+Extensions.swift in Sources */ = {isa = PBXBuildFile; fileRef = 966F6AD51BFF300800A0FF00 /* Int+Extensions.swift */; };
		966F6AE21BFF300800A0FF00 /* SKAction+Extensions.swift in Sources */ = {isa = PBXBuildFile; fileRef = 966F6AD61BFF300800A0FF00 /* SKAction+Extensions.swift */; };
		966F6AE31BFF300800A0FF00 /* SKAction+SpecialEffects.swift in Sources */ = {isa = PBXBuildFile; fileRef = 966F6AD71BFF300800A0FF00 /* SKAction+SpecialEffects.swift */; };
		966F6AE41BFF300800A0FF00 /* SKColor+Extensions.swift in Sources */ = {isa = PBXBuildFile; fileRef = 966F6AD81BFF300800A0FF00 /* SKColor+Extensions.swift */; };
		966F6AE51BFF300800A0FF00 /* SKNode+Extensions.swift in Sources */ = {isa = PBXBuildFile; fileRef = 966F6AD91BFF300800A0FF00 /* SKNode+Extensions.swift */; };
		966F6AE61BFF300800A0FF00 /* SKTAudio.swift in Sources */ = {isa = PBXBuildFile; fileRef = 966F6ADA1BFF300800A0FF00 /* SKTAudio.swift */; };
		966F6AE71BFF300800A0FF00 /* SKTEffects.swift in Sources */ = {isa = PBXBuildFile; fileRef = 966F6ADB1BFF300800A0FF00 /* SKTEffects.swift */; };
		966F6AE81BFF300800A0FF00 /* SKTTimingFunctions.swift in Sources */ = {isa = PBXBuildFile; fileRef = 966F6ADC1BFF300800A0FF00 /* SKTTimingFunctions.swift */; };
		966F6AE91BFF300800A0FF00 /* Vector3.swift in Sources */ = {isa = PBXBuildFile; fileRef = 966F6ADD1BFF300800A0FF00 /* Vector3.swift */; };
		9697F68B1BF656DC00CCFE1E /* CatCurl.sks in Resources */ = {isa = PBXBuildFile; fileRef = 9697F68A1BF656DC00CCFE1E /* CatCurl.sks */; };
		9697F68D1BF657A500CCFE1E /* CatWakeUp.sks in Resources */ = {isa = PBXBuildFile; fileRef = 9697F68C1BF657A500CCFE1E /* CatWakeUp.sks */; };
		96C1C3331BFCEC5E00C67E63 /* BedNode.swift in Sources */ = {isa = PBXBuildFile; fileRef = 96C1C3321BFCEC5E00C67E63 /* BedNode.swift */; };
		96C1C3351BFCF00600C67E63 /* CatNode.swift in Sources */ = {isa = PBXBuildFile; fileRef = 96C1C3341BFCF00600C67E63 /* CatNode.swift */; };
/* End PBXBuildFile section */

/* Begin PBXFileReference section */
		9600F1831BF5081A00C6877D /* Cat.sks */ = {isa = PBXFileReference; lastKnownFileType = file.sks; path = Cat.sks; sourceTree = "<group>"; };
		9601EAF31BF4AD480008501D /* CatNap.app */ = {isa = PBXFileReference; explicitFileType = wrapper.application; includeInIndex = 0; path = CatNap.app; sourceTree = BUILT_PRODUCTS_DIR; };
		9601EAF61BF4AD480008501D /* AppDelegate.swift */ = {isa = PBXFileReference; lastKnownFileType = sourcecode.swift; path = AppDelegate.swift; sourceTree = "<group>"; };
		9601EAF81BF4AD480008501D /* GameScene.sks */ = {isa = PBXFileReference; lastKnownFileType = file.sks; path = GameScene.sks; sourceTree = "<group>"; };
		9601EAFA1BF4AD480008501D /* GameScene.swift */ = {isa = PBXFileReference; lastKnownFileType = sourcecode.swift; path = GameScene.swift; sourceTree = "<group>"; };
		9601EAFC1BF4AD480008501D /* GameViewController.swift */ = {isa = PBXFileReference; lastKnownFileType = sourcecode.swift; path = GameViewController.swift; sourceTree = "<group>"; };
		9601EAFF1BF4AD480008501D /* Base */ = {isa = PBXFileReference; lastKnownFileType = file.storyboard; name = Base; path = Base.lproj/Main.storyboard; sourceTree = "<group>"; };
		9601EB011BF4AD480008501D /* Assets.xcassets */ = {isa = PBXFileReference; lastKnownFileType = folder.assetcatalog; path = Assets.xcassets; sourceTree = "<group>"; };
		9601EB041BF4AD480008501D /* Base */ = {isa = PBXFileReference; lastKnownFileType = file.storyboard; name = Base; path = Base.lproj/LaunchScreen.storyboard; sourceTree = "<group>"; };
		9601EB061BF4AD480008501D /* Info.plist */ = {isa = PBXFileReference; lastKnownFileType = text.plist.xml; path = Info.plist; sourceTree = "<group>"; };
		9601EB0D1BF4AFBA0008501D /* backgroundMusic.mp3 */ = {isa = PBXFileReference; lastKnownFileType = audio.mp3; path = backgroundMusic.mp3; sourceTree = "<group>"; };
		9601EB0E1BF4AFBA0008501D /* lose.mp3 */ = {isa = PBXFileReference; lastKnownFileType = audio.mp3; path = lose.mp3; sourceTree = "<group>"; };
		9601EB0F1BF4AFBA0008501D /* mrreow.mp3 */ = {isa = PBXFileReference; lastKnownFileType = audio.mp3; path = mrreow.mp3; sourceTree = "<group>"; };
		9601EB101BF4AFBA0008501D /* pop.mp3 */ = {isa = PBXFileReference; lastKnownFileType = audio.mp3; path = pop.mp3; sourceTree = "<group>"; };
		9601EB111BF4AFBA0008501D /* win.mp3 */ = {isa = PBXFileReference; lastKnownFileType = audio.mp3; path = win.mp3; sourceTree = "<group>"; };
		96162A811C00A44A00BE51E7 /* BlockNode.swift */ = {isa = PBXFileReference; fileEncoding = 4; lastKnownFileType = sourcecode.swift; path = BlockNode.swift; sourceTree = "<group>"; };
		9644D08E1C09E38000964745 /* MessageNode.swift */ = {isa = PBXFileReference; fileEncoding = 4; lastKnownFileType = sourcecode.swift; path = MessageNode.swift; sourceTree = "<group>"; };
		966F6AD21BFF300800A0FF00 /* CGFloat+Extensions.swift */ = {isa = PBXFileReference; fileEncoding = 4; lastKnownFileType = sourcecode.swift; path = "CGFloat+Extensions.swift"; sourceTree = "<group>"; };
		966F6AD31BFF300800A0FF00 /* CGPoint+Extensions.swift */ = {isa = PBXFileReference; fileEncoding = 4; lastKnownFileType = sourcecode.swift; path = "CGPoint+Extensions.swift"; sourceTree = "<group>"; };
		966F6AD41BFF300800A0FF00 /* CGVector+Extensions.swift */ = {isa = PBXFileReference; fileEncoding = 4; lastKnownFileType = sourcecode.swift; path = "CGVector+Extensions.swift"; sourceTree = "<group>"; };
		966F6AD51BFF300800A0FF00 /* Int+Extensions.swift */ = {isa = PBXFileReference; fileEncoding = 4; lastKnownFileType = sourcecode.swift; path = "Int+Extensions.swift"; sourceTree = "<group>"; };
		966F6AD61BFF300800A0FF00 /* SKAction+Extensions.swift */ = {isa = PBXFileReference; fileEncoding = 4; lastKnownFileType = sourcecode.swift; path = "SKAction+Extensions.swift"; sourceTree = "<group>"; };
		966F6AD71BFF300800A0FF00 /* SKAction+SpecialEffects.swift */ = {isa = PBXFileReference; fileEncoding = 4; lastKnownFileType = sourcecode.swift; path = "SKAction+SpecialEffects.swift"; sourceTree = "<group>"; };
		966F6AD81BFF300800A0FF00 /* SKColor+Extensions.swift */ = {isa = PBXFileReference; fileEncoding = 4; lastKnownFileType = sourcecode.swift; path = "SKColor+Extensions.swift"; sourceTree = "<group>"; };
		966F6AD91BFF300800A0FF00 /* SKNode+Extensions.swift */ = {isa = PBXFileReference; fileEncoding = 4; lastKnownFileType = sourcecode.swift; path = "SKNode+Extensions.swift"; sourceTree = "<group>"; };
		966F6ADA1BFF300800A0FF00 /* SKTAudio.swift */ = {isa = PBXFileReference; fileEncoding = 4; lastKnownFileType = sourcecode.swift; path = SKTAudio.swift; sourceTree = "<group>"; };
		966F6ADB1BFF300800A0FF00 /* SKTEffects.swift */ = {isa = PBXFileReference; fileEncoding = 4; lastKnownFileType = sourcecode.swift; path = SKTEffects.swift; sourceTree = "<group>"; };
		966F6ADC1BFF300800A0FF00 /* SKTTimingFunctions.swift */ = {isa = PBXFileReference; fileEncoding = 4; lastKnownFileType = sourcecode.swift; path = SKTTimingFunctions.swift; sourceTree = "<group>"; };
		966F6ADD1BFF300800A0FF00 /* Vector3.swift */ = {isa = PBXFileReference; fileEncoding = 4; lastKnownFileType = sourcecode.swift; path = Vector3.swift; sourceTree = "<group>"; };
		9697F68A1BF656DC00CCFE1E /* CatCurl.sks */ = {isa = PBXFileReference; lastKnownFileType = file.sks; path = CatCurl.sks; sourceTree = "<group>"; };
		9697F68C1BF657A500CCFE1E /* CatWakeUp.sks */ = {isa = PBXFileReference; lastKnownFileType = file.sks; path = CatWakeUp.sks; sourceTree = "<group>"; };
		96C1C3321BFCEC5E00C67E63 /* BedNode.swift */ = {isa = PBXFileReference; fileEncoding = 4; lastKnownFileType = sourcecode.swift; path = BedNode.swift; sourceTree = "<group>"; };
		96C1C3341BFCF00600C67E63 /* CatNode.swift */ = {isa = PBXFileReference; fileEncoding = 4; lastKnownFileType = sourcecode.swift; path = CatNode.swift; sourceTree = "<group>"; };
/* End PBXFileReference section */

/* Begin PBXFrameworksBuildPhase section */
		9601EAF01BF4AD480008501D /* Frameworks */ = {
			isa = PBXFrameworksBuildPhase;
			buildActionMask = 2147483647;
			files = (
			);
			runOnlyForDeploymentPostprocessing = 0;
		};
/* End PBXFrameworksBuildPhase section */

/* Begin PBXGroup section */
		9601EAEA1BF4AD480008501D = {
			isa = PBXGroup;
			children = (
				9601EAF51BF4AD480008501D /* CatNap */,
				9601EAF41BF4AD480008501D /* Products */,
			);
			sourceTree = "<group>";
		};
		9601EAF41BF4AD480008501D /* Products */ = {
			isa = PBXGroup;
			children = (
				9601EAF31BF4AD480008501D /* CatNap.app */,
			);
			name = Products;
			sourceTree = "<group>";
		};
		9601EAF51BF4AD480008501D /* CatNap */ = {
			isa = PBXGroup;
			children = (
				966F6AD11BFF300800A0FF00 /* SKTUtils */,
				96D302BD1BF5071B006183D3 /* Scenes */,
				9601EAF61BF4AD480008501D /* AppDelegate.swift */,
				9601EAFA1BF4AD480008501D /* GameScene.swift */,
				96162A811C00A44A00BE51E7 /* BlockNode.swift */,
				96C1C3341BFCF00600C67E63 /* CatNode.swift */,
				96C1C3321BFCEC5E00C67E63 /* BedNode.swift */,
				9601EAFC1BF4AD480008501D /* GameViewController.swift */,
				9601EAFE1BF4AD480008501D /* Main.storyboard */,
				9601EB0C1BF4AFBA0008501D /* Sounds */,
				9601EB011BF4AD480008501D /* Assets.xcassets */,
				9601EB031BF4AD480008501D /* LaunchScreen.storyboard */,
				9601EB061BF4AD480008501D /* Info.plist */,
			);
			path = CatNap;
			sourceTree = "<group>";
		};
		9601EB0C1BF4AFBA0008501D /* Sounds */ = {
			isa = PBXGroup;
			children = (
				9601EB0D1BF4AFBA0008501D /* backgroundMusic.mp3 */,
				9601EB0E1BF4AFBA0008501D /* lose.mp3 */,
				9601EB0F1BF4AFBA0008501D /* mrreow.mp3 */,
				9601EB101BF4AFBA0008501D /* pop.mp3 */,
				9601EB111BF4AFBA0008501D /* win.mp3 */,
			);
			path = Sounds;
			sourceTree = "<group>";
		};
		966F6AD11BFF300800A0FF00 /* SKTUtils */ = {
			isa = PBXGroup;
			children = (
				966F6AD21BFF300800A0FF00 /* CGFloat+Extensions.swift */,
				966F6AD31BFF300800A0FF00 /* CGPoint+Extensions.swift */,
				966F6AD41BFF300800A0FF00 /* CGVector+Extensions.swift */,
				966F6AD51BFF300800A0FF00 /* Int+Extensions.swift */,
				966F6AD61BFF300800A0FF00 /* SKAction+Extensions.swift */,
				966F6AD71BFF300800A0FF00 /* SKAction+SpecialEffects.swift */,
				966F6AD81BFF300800A0FF00 /* SKColor+Extensions.swift */,
				966F6AD91BFF300800A0FF00 /* SKNode+Extensions.swift */,
				966F6ADA1BFF300800A0FF00 /* SKTAudio.swift */,
				966F6ADB1BFF300800A0FF00 /* SKTEffects.swift */,
				966F6ADC1BFF300800A0FF00 /* SKTTimingFunctions.swift */,
				966F6ADD1BFF300800A0FF00 /* Vector3.swift */,
			);
			path = SKTUtils;
			sourceTree = "<group>";
		};
		96D302BD1BF5071B006183D3 /* Scenes */ = {
			isa = PBXGroup;
			children = (
				9601EAF81BF4AD480008501D /* GameScene.sks */,
				9644D08E1C09E38000964745 /* MessageNode.swift */,
				9600F1831BF5081A00C6877D /* Cat.sks */,
				9697F68A1BF656DC00CCFE1E /* CatCurl.sks */,
				9697F68C1BF657A500CCFE1E /* CatWakeUp.sks */,
			);
			name = Scenes;
			sourceTree = "<group>";
		};
/* End PBXGroup section */

/* Begin PBXNativeTarget section */
		9601EAF21BF4AD480008501D /* CatNap */ = {
			isa = PBXNativeTarget;
			buildConfigurationList = 9601EB091BF4AD480008501D /* Build configuration list for PBXNativeTarget "CatNap" */;
			buildPhases = (
				9601EAEF1BF4AD480008501D /* Sources */,
				9601EAF01BF4AD480008501D /* Frameworks */,
				9601EAF11BF4AD480008501D /* Resources */,
			);
			buildRules = (
			);
			dependencies = (
			);
			name = CatNap;
			productName = CatNap;
			productReference = 9601EAF31BF4AD480008501D /* CatNap.app */;
			productType = "com.apple.product-type.application";
		};
/* End PBXNativeTarget section */

/* Begin PBXProject section */
		9601EAEB1BF4AD480008501D /* Project object */ = {
			isa = PBXProject;
			attributes = {
				LastSwiftUpdateCheck = 0710;
				LastUpgradeCheck = 0710;
				ORGANIZATIONNAME = "Jim Veneskey";
				TargetAttributes = {
					9601EAF21BF4AD480008501D = {
						CreatedOnToolsVersion = 7.1;
					};
				};
			};
			buildConfigurationList = 9601EAEE1BF4AD480008501D /* Build configuration list for PBXProject "CatNap" */;
			compatibilityVersion = "Xcode 3.2";
			developmentRegion = English;
			hasScannedForEncodings = 0;
			knownRegions = (
				en,
				Base,
			);
			mainGroup = 9601EAEA1BF4AD480008501D;
			productRefGroup = 9601EAF41BF4AD480008501D /* Products */;
			projectDirPath = "";
			projectRoot = "";
			targets = (
				9601EAF21BF4AD480008501D /* CatNap */,
			);
		};
/* End PBXProject section */

/* Begin PBXResourcesBuildPhase section */
		9601EAF11BF4AD480008501D /* Resources */ = {
			isa = PBXResourcesBuildPhase;
			buildActionMask = 2147483647;
			files = (
				9600F1841BF5081A00C6877D /* Cat.sks in Resources */,
				9601EB161BF4AFBA0008501D /* win.mp3 in Resources */,
				9601EAF91BF4AD480008501D /* GameScene.sks in Resources */,
				9697F68B1BF656DC00CCFE1E /* CatCurl.sks in Resources */,
				9601EB051BF4AD480008501D /* LaunchScreen.storyboard in Resources */,
				9601EB021BF4AD480008501D /* Assets.xcassets in Resources */,
				9601EB121BF4AFBA0008501D /* backgroundMusic.mp3 in Resources */,
				9601EB151BF4AFBA0008501D /* pop.mp3 in Resources */,
				9601EB141BF4AFBA0008501D /* mrreow.mp3 in Resources */,
				9697F68D1BF657A500CCFE1E /* CatWakeUp.sks in Resources */,
				9601EB001BF4AD480008501D /* Main.storyboard in Resources */,
				9601EB131BF4AFBA0008501D /* lose.mp3 in Resources */,
			);
			runOnlyForDeploymentPostprocessing = 0;
		};
/* End PBXResourcesBuildPhase section */

/* Begin PBXSourcesBuildPhase section */
		9601EAEF1BF4AD480008501D /* Sources */ = {
			isa = PBXSourcesBuildPhase;
			buildActionMask = 2147483647;
			files = (
				966F6ADF1BFF300800A0FF00 /* CGPoint+Extensions.swift in Sources */,
				9644D08F1C09E38000964745 /* MessageNode.swift in Sources */,
				966F6AE71BFF300800A0FF00 /* SKTEffects.swift in Sources */,
				966F6AE21BFF300800A0FF00 /* SKAction+Extensions.swift in Sources */,
				9601EAFB1BF4AD480008501D /* GameScene.swift in Sources */,
				966F6AE51BFF300800A0FF00 /* SKNode+Extensions.swift in Sources */,
				96C1C3351BFCF00600C67E63 /* CatNode.swift in Sources */,
				966F6AE81BFF300800A0FF00 /* SKTTimingFunctions.swift in Sources */,
				966F6AE31BFF300800A0FF00 /* SKAction+SpecialEffects.swift in Sources */,
				966F6AE11BFF300800A0FF00 /* Int+Extensions.swift in Sources */,
				96162A821C00A44A00BE51E7 /* BlockNode.swift in Sources */,
				966F6AE91BFF300800A0FF00 /* Vector3.swift in Sources */,
				96C1C3331BFCEC5E00C67E63 /* BedNode.swift in Sources */,
				966F6AE41BFF300800A0FF00 /* SKColor+Extensions.swift in Sources */,
				966F6AE01BFF300800A0FF00 /* CGVector+Extensions.swift in Sources */,
				9601EAFD1BF4AD480008501D /* GameViewController.swift in Sources */,
				966F6AE61BFF300800A0FF00 /* SKTAudio.swift in Sources */,
				966F6ADE1BFF300800A0FF00 /* CGFloat+Extensions.swift in Sources */,
				9601EAF71BF4AD480008501D /* AppDelegate.swift in Sources */,
			);
			runOnlyForDeploymentPostprocessing = 0;
		};
/* End PBXSourcesBuildPhase section */

/* Begin PBXVariantGroup section */
		9601EAFE1BF4AD480008501D /* Main.storyboard */ = {
			isa = PBXVariantGroup;
			children = (
				9601EAFF1BF4AD480008501D /* Base */,
			);
			name = Main.storyboard;
			sourceTree = "<group>";
		};
		9601EB031BF4AD480008501D /* LaunchScreen.storyboard */ = {
			isa = PBXVariantGroup;
			children = (
				9601EB041BF4AD480008501D /* Base */,
			);
			name = LaunchScreen.storyboard;
			sourceTree = "<group>";
		};
/* End PBXVariantGroup section */

/* Begin XCBuildConfiguration section */
		9601EB071BF4AD480008501D /* Debug */ = {
			isa = XCBuildConfiguration;
			buildSettings = {
				ALWAYS_SEARCH_USER_PATHS = NO;
				CLANG_CXX_LANGUAGE_STANDARD = "gnu++0x";
				CLANG_CXX_LIBRARY = "libc++";
				CLANG_ENABLE_MODULES = YES;
				CLANG_ENABLE_OBJC_ARC = YES;
				CLANG_WARN_BOOL_CONVERSION = YES;
				CLANG_WARN_CONSTANT_CONVERSION = YES;
				CLANG_WARN_DIRECT_OBJC_ISA_USAGE = YES_ERROR;
				CLANG_WARN_EMPTY_BODY = YES;
				CLANG_WARN_ENUM_CONVERSION = YES;
				CLANG_WARN_INT_CONVERSION = YES;
				CLANG_WARN_OBJC_ROOT_CLASS = YES_ERROR;
				CLANG_WARN_UNREACHABLE_CODE = YES;
				CLANG_WARN__DUPLICATE_METHOD_MATCH = YES;
				"CODE_SIGN_IDENTITY[sdk=iphoneos*]" = "iPhone Developer";
				COPY_PHASE_STRIP = NO;
				DEBUG_INFORMATION_FORMAT = "dwarf-with-dsym";
				ENABLE_STRICT_OBJC_MSGSEND = YES;
				ENABLE_TESTABILITY = YES;
				GCC_C_LANGUAGE_STANDARD = gnu99;
				GCC_DYNAMIC_NO_PIC = NO;
				GCC_NO_COMMON_BLOCKS = YES;
				GCC_OPTIMIZATION_LEVEL = 0;
				GCC_PREPROCESSOR_DEFINITIONS = (
					"DEBUG=1",
					"$(inherited)",
				);
				GCC_WARN_64_TO_32_BIT_CONVERSION = YES;
				GCC_WARN_ABOUT_RETURN_TYPE = YES_ERROR;
				GCC_WARN_UNDECLARED_SELECTOR = YES;
				GCC_WARN_UNINITIALIZED_AUTOS = YES_AGGRESSIVE;
				GCC_WARN_UNUSED_FUNCTION = YES;
				GCC_WARN_UNUSED_VARIABLE = YES;
				IPHONEOS_DEPLOYMENT_TARGET = 9.0;
				MTL_ENABLE_DEBUG_INFO = YES;
				ONLY_ACTIVE_ARCH = YES;
				SDKROOT = iphoneos;
				SWIFT_OPTIMIZATION_LEVEL = "-Onone";
				TARGETED_DEVICE_FAMILY = "1,2";
			};
			name = Debug;
		};
		9601EB081BF4AD480008501D /* Release */ = {
			isa = XCBuildConfiguration;
			buildSettings = {
				ALWAYS_SEARCH_USER_PATHS = NO;
				CLANG_CXX_LANGUAGE_STANDARD = "gnu++0x";
				CLANG_CXX_LIBRARY = "libc++";
				CLANG_ENABLE_MODULES = YES;
				CLANG_ENABLE_OBJC_ARC = YES;
				CLANG_WARN_BOOL_CONVERSION = YES;
				CLANG_WARN_CONSTANT_CONVERSION = YES;
				CLANG_WARN_DIRECT_OBJC_ISA_USAGE = YES_ERROR;
				CLANG_WARN_EMPTY_BODY = YES;
				CLANG_WARN_ENUM_CONVERSION = YES;
				CLANG_WARN_INT_CONVERSION = YES;
				CLANG_WARN_OBJC_ROOT_CLASS = YES_ERROR;
				CLANG_WARN_UNREACHABLE_CODE = YES;
				CLANG_WARN__DUPLICATE_METHOD_MATCH = YES;
				"CODE_SIGN_IDENTITY[sdk=iphoneos*]" = "iPhone Developer";
				COPY_PHASE_STRIP = NO;
				DEBUG_INFORMATION_FORMAT = "dwarf-with-dsym";
				ENABLE_NS_ASSERTIONS = NO;
				ENABLE_STRICT_OBJC_MSGSEND = YES;
				GCC_C_LANGUAGE_STANDARD = gnu99;
				GCC_NO_COMMON_BLOCKS = YES;
				GCC_WARN_64_TO_32_BIT_CONVERSION = YES;
				GCC_WARN_ABOUT_RETURN_TYPE = YES_ERROR;
				GCC_WARN_UNDECLARED_SELECTOR = YES;
				GCC_WARN_UNINITIALIZED_AUTOS = YES_AGGRESSIVE;
				GCC_WARN_UNUSED_FUNCTION = YES;
				GCC_WARN_UNUSED_VARIABLE = YES;
				IPHONEOS_DEPLOYMENT_TARGET = 9.0;
				MTL_ENABLE_DEBUG_INFO = NO;
				SDKROOT = iphoneos;
				TARGETED_DEVICE_FAMILY = "1,2";
				VALIDATE_PRODUCT = YES;
			};
			name = Release;
		};
		9601EB0A1BF4AD480008501D /* Debug */ = {
			isa = XCBuildConfiguration;
			buildSettings = {
				ASSETCATALOG_COMPILER_APPICON_NAME = AppIcon;
				INFOPLIST_FILE = CatNap/Info.plist;
				LD_RUNPATH_SEARCH_PATHS = "$(inherited) @executable_path/Frameworks";
				PRODUCT_BUNDLE_IDENTIFIER = com.strifecrafter.CatNap;
				PRODUCT_NAME = "$(TARGET_NAME)";
			};
			name = Debug;
		};
		9601EB0B1BF4AD480008501D /* Release */ = {
			isa = XCBuildConfiguration;
			buildSettings = {
				ASSETCATALOG_COMPILER_APPICON_NAME = AppIcon;
				INFOPLIST_FILE = CatNap/Info.plist;
				LD_RUNPATH_SEARCH_PATHS = "$(inherited) @executable_path/Frameworks";
				PRODUCT_BUNDLE_IDENTIFIER = com.strifecrafter.CatNap;
				PRODUCT_NAME = "$(TARGET_NAME)";
			};
			name = Release;
		};
/* End XCBuildConfiguration section */

/* Begin XCConfigurationList section */
		9601EAEE1BF4AD480008501D /* Build configuration list for PBXProject "CatNap" */ = {
			isa = XCConfigurationList;
			buildConfigurations = (
				9601EB071BF4AD480008501D /* Debug */,
				9601EB081BF4AD480008501D /* Release */,
			);
			defaultConfigurationIsVisible = 0;
			defaultConfigurationName = Release;
		};
		9601EB091BF4AD480008501D /* Build configuration list for PBXNativeTarget "CatNap" */ = {
			isa = XCConfigurationList;
			buildConfigurations = (
				9601EB0A1BF4AD480008501D /* Debug */,
				9601EB0B1BF4AD480008501D /* Release */,
			);
			defaultConfigurationIsVisible = 0;
			defaultConfigurationName = Release;
		};
/* End XCConfigurationList section */
	};
	rootObject = 9601EAEB1BF4AD480008501D /* Project object */;
}
